
Microsoft Visual Studio Solution File, Format Version 12.00
# Visual Studio Version 16
VisualStudioVersion = 16.0.31515.178
MinimumVisualStudioVersion = 10.0.40219.1
Project("{8BC9CEB8-8B4A-11D0-8D11-00A0C91BC942}") = "huskyTech2", "huskyTech2\huskyTech2.vcxproj", "{0DE317A3-5C5B-4471-B994-86096735C193}"
EndProject
Global
	GlobalSection(SolutionConfigurationPlatforms) = preSolution
		Debug|x64 = Debug|x64
		Debug|x86 = Debug|x86
		Release|x64 = Release|x64
		Release|x86 = Release|x86
	EndGlobalSection
	GlobalSection(ProjectConfigurationPlatforms) = postSolution
		{0DE317A3-5C5B-4471-B994-86096735C193}.Debug|x64.ActiveCfg = Debug|x64
		{0DE317A3-5C5B-4471-B994-86096735C193}.Debug|x64.Build.0 = Debug|x64
		{0DE317A3-5C5B-4471-B994-86096735C193}.Debug|x86.ActiveCfg = Debug|Win32
		{0DE317A3-5C5B-4471-B994-86096735C193}.Debug|x86.Build.0 = Debug|Win32
		{0DE317A3-5C5B-4471-B994-86096735C193}.Release|x64.ActiveCfg = Release|x64
		{0DE317A3-5C5B-4471-B994-86096735C193}.Release|x64.Build.0 = Release|x64
		{0DE317A3-5C5B-4471-B994-86096735C193}.Release|x86.ActiveCfg = Release|Win32
		{0DE317A3-5C5B-4471-B994-86096735C193}.Release|x86.Build.0 = Release|Win32
	EndGlobalSection
	GlobalSection(SolutionProperties) = preSolution
		HideSolutionNode = FALSE
	EndGlobalSection
	GlobalSection(ExtensibilityGlobals) = postSolution
		SolutionGuid = {F0D698A2-DA35-44C7-A17D-11D9E6B62C4D}
	EndGlobalSection
EndGlobal
